{
  "name": "loko-ping-pong",
  "version": "0.0.1",
  "lockfileVersion": 1,
  "requires": true,
  "dependencies": {
    "@lokomotes/station-types": {
      "version": "0.0.1",
      "resolved": "https://registry.npmjs.org/@lokomotes/station-types/-/station-types-0.0.1.tgz",
      "integrity": "sha512-AvJsHAvyFjBlmjIn4n8K4JK4IHdvGLGI/qcVAmFPceZehgA7b+NHeB8MUYqwKlNHu8laGk4HAeDl7lsV31ne0Q==",
      "dev": true
    }
  }
}
